Microsoft Visual Studio Solution File, Format Version 11.00
# Visual Studio 2008

Project("{E46E71B1-1DC7-E691-427E-D6C457F57E34}") = "Untitled311455", "Assembly-CSharp-firstpass-vs.csproj", "{397704CD-2297-9E4F-17B4-F58F6A538D65}"
EndProject
Project("{E46E71B1-1DC7-E691-427E-D6C457F57E34}") = "Untitled311455", "Assembly-CSharp-vs.csproj", "{82236489-9DCD-3E89-9F6A-2DC2E51A6DB6}"
EndProject
Global
	GlobalSection(SolutionConfigurationPlatforms) = preSolution
		Debug|Any CPU = Debug|Any CPU
		Release|Any CPU = Release|Any CPU
	EndGlobalSection
	GlobalSection(ProjectConfigurationPlatforms) = postSolution
		{397704CD-2297-9E4F-17B4-F58F6A538D65}.Debug|Any CPU.ActiveCfg = Debug|Any CPU
		{397704CD-2297-9E4F-17B4-F58F6A538D65}.Debug|Any CPU.Build.0 = Debug|Any CPU
		{397704CD-2297-9E4F-17B4-F58F6A538D65}.Release|Any CPU.ActiveCfg = Release|Any CPU
		{397704CD-2297-9E4F-17B4-F58F6A538D65}.Release|Any CPU.Build.0 = Release|Any CPU
		{82236489-9DCD-3E89-9F6A-2DC2E51A6DB6}.Debug|Any CPU.ActiveCfg = Debug|Any CPU
		{82236489-9DCD-3E89-9F6A-2DC2E51A6DB6}.Debug|Any CPU.Build.0 = Debug|Any CPU
		{82236489-9DCD-3E89-9F6A-2DC2E51A6DB6}.Release|Any CPU.ActiveCfg = Release|Any CPU
		{82236489-9DCD-3E89-9F6A-2DC2E51A6DB6}.Release|Any CPU.Build.0 = Release|Any CPU
	EndGlobalSection
	GlobalSection(SolutionProperties) = preSolution
		HideSolutionNode = FALSE
	EndGlobalSection
				GlobalSection(MonoDevelopProperties) = preSolution
		StartupItem = Assembly-CSharp.csproj
		Policies = $0
		$0.TextStylePolicy = $1
		$1.inheritsSet = null
		$1.scope = text/x-csharp
		$0.CSharpFormattingPolicy = $2
		$2.inheritsSet = Mono
		$2.inheritsScope = text/x-csharp
		$2.scope = text/x-csharp
		$0.TextStylePolicy = $3
		$3.FileWidth = 120
		$3.TabWidth = 4
		$3.EolMarker = Unix
		$3.inheritsSet = Mono
		$3.inheritsScope = text/plain
		$3.scope = text/plain
	EndGlobalSection

EndGlobal
